
Microsoft Visual Studio Solution File, Format Version 12.00
# Visual Studio Version 17
VisualStudioVersion = 17.7.34031.279
MinimumVisualStudioVersion = 10.0.40219.1
Project("{FAE04EC0-301F-11D3-BF4B-00C04F79EFBC}") = "NodeNet", "NodeNet\NodeNet.csproj", "{B507EF54-0903-44E7-A7B9-32CBD9C1EC77}"
EndProject
Global
	GlobalSection(SolutionConfigurationPlatforms) = preSolution
		Debug|Any CPU = Debug|Any CPU
		Release|Any CPU = Release|Any CPU
	EndGlobalSection
	GlobalSection(ProjectConfigurationPlatforms) = postSolution
		{B507EF54-0903-44E7-A7B9-32CBD9C1EC77}.Debug|Any CPU.ActiveCfg = Debug|Any CPU
		{B507EF54-0903-44E7-A7B9-32CBD9C1EC77}.Debug|Any CPU.Build.0 = Debug|Any CPU
		{B507EF54-0903-44E7-A7B9-32CBD9C1EC77}.Release|Any CPU.ActiveCfg = Release|Any CPU
		{B507EF54-0903-44E7-A7B9-32CBD9C1EC77}.Release|Any CPU.Build.0 = Release|Any CPU
	EndGlobalSection
	GlobalSection(SolutionProperties) = preSolution
		HideSolutionNode = FALSE
	EndGlobalSection
	GlobalSection(ExtensibilityGlobals) = postSolution
		SolutionGuid = {4D042C6F-0D38-4F25-9C20-EC4FC9560BBA}
	EndGlobalSection
EndGlobal
